{
  "nodes": {
    "flake-parts": {
      "inputs": {
        "nixpkgs-lib": [
          "nurpkgs",
          "nixpkgs"
        ]
      },
      "locked": {
        "lastModified": 1733312601,
        "narHash": "sha256-4pDvzqnegAfRkPwO3wmwBhVi/Sye1mzps0zHWYnP88c=",
        "owner": "hercules-ci",
        "repo": "flake-parts",
        "rev": "205b12d8b7cd4802fbcb8e8ef6a0f1408781a4f9",
        "type": "github"
      },
      "original": {
        "owner": "hercules-ci",
        "repo": "flake-parts",
        "type": "github"
      }
    },
    "home-manager": {
      "inputs": {
        "nixpkgs": [
          "nixpkgs"
        ]
      },
      "locked": {
        "lastModified": 1758463745,
        "narHash": "sha256-uhzsV0Q0I9j2y/rfweWeGif5AWe0MGrgZ/3TjpDYdGA=",
        "owner": "nix-community",
        "repo": "home-manager",
        "rev": "3b955f5f0a942f9f60cdc9cacb7844335d0f21c3",
        "type": "github"
      },
      "original": {
        "owner": "nix-community",
        "ref": "release-25.05",
        "repo": "home-manager",
        "type": "github"
      }
    },
    "nixpkgs": {
      "locked": {
        "lastModified": 1760088435,
        "narHash": "sha256-/8nKMzBGL37BndLufaBe+6fsCwMGss86VO37F0zp4E8=",
        "owner": "nixos",
        "repo": "nixpkgs",
        "rev": "ece39ffb45aaf7aa8a92ec3631cc5db01c210e4b",
        "type": "github"
      },
      "original": {
        "owner": "nixos",
        "ref": "release-25.05",
        "repo": "nixpkgs",
        "type": "github"
      }
    },
    "nixpkgs-unstable": {
      "locked": {
        "lastModified": 1759831965,
        "narHash": "sha256-vgPm2xjOmKdZ0xKA6yLXPJpjOtQPHfaZDRtH+47XEBo=",
        "owner": "nixos",
        "repo": "nixpkgs",
        "rev": "c9b6fb798541223bbb396d287d16f43520250518",
        "type": "github"
      },
      "original": {
        "owner": "nixos",
        "ref": "nixos-unstable",
        "repo": "nixpkgs",
        "type": "github"
      }
    },
    "nixpkgs_2": {
      "locked": {
        "lastModified": 1759831965,
        "narHash": "sha256-vgPm2xjOmKdZ0xKA6yLXPJpjOtQPHfaZDRtH+47XEBo=",
        "owner": "nixos",
        "repo": "nixpkgs",
        "rev": "c9b6fb798541223bbb396d287d16f43520250518",
        "type": "github"
      },
      "original": {
        "owner": "nixos",
        "ref": "nixos-unstable",
        "repo": "nixpkgs",
        "type": "github"
      }
    },
    "nixpkgs_3": {
      "locked": {
        "lastModified": 1759831965,
        "narHash": "sha256-vgPm2xjOmKdZ0xKA6yLXPJpjOtQPHfaZDRtH+47XEBo=",
        "owner": "NixOS",
        "repo": "nixpkgs",
        "rev": "c9b6fb798541223bbb396d287d16f43520250518",
        "type": "github"
      },
      "original": {
        "owner": "NixOS",
        "ref": "nixos-unstable",
        "repo": "nixpkgs",
        "type": "github"
      }
    },
    "nurpkgs": {
      "inputs": {
        "flake-parts": "flake-parts",
        "nixpkgs": "nixpkgs_2"
      },
      "locked": {
        "lastModified": 1760083541,
        "narHash": "sha256-9IcKohgoH2WXYBcccqjTO0BnKMsHlDiEphyg7IQPaWg=",
        "owner": "nix-community",
        "repo": "NUR",
        "rev": "c84cfd2c38e5802149b7dd619f2d0eba522d0bc3",
        "type": "github"
      },
      "original": {
        "owner": "nix-community",
        "repo": "NUR",
        "type": "github"
      }
    },
    "plover": {
      "inputs": {
        "nixpkgs": "nixpkgs_3",
        "plover": "plover_2",
        "plover-machine-hid": "plover-machine-hid",
        "plover-stroke": "plover-stroke",
        "plover2cat": "plover2cat",
        "plover_plugins_registry": "plover_plugins_registry",
        "pyobjc": "pyobjc",
        "rtf-tokenize": "rtf-tokenize"
      },
      "locked": {
        "lastModified": 1760068000,
        "narHash": "sha256-IU5ZmuoTXGURjS2i+4Qb9pNF3a2kvTyG7mtqz50eD24=",
        "owner": "openstenoproject",
        "repo": "plover-flake",
        "rev": "19b7206357b929e76b42507f72e77e13aa81b78b",
        "type": "github"
      },
      "original": {
        "owner": "openstenoproject",
        "repo": "plover-flake",
        "type": "github"
      }
    },
    "plover-machine-hid": {
      "flake": false,
      "locked": {
        "lastModified": 1757266704,
        "narHash": "sha256-S+NBVnLjWdINTRpNIZvGotNGiMVSnvq1NZRPnKCmZyM=",
        "owner": "dnaq",
        "repo": "plover-machine-hid",
        "rev": "db917f8b2545964fdaa2f664d1d1e2afafae96a1",
        "type": "github"
      },
      "original": {
        "owner": "dnaq",
        "repo": "plover-machine-hid",
        "type": "github"
      }
    },
    "plover-stroke": {
      "flake": false,
      "locked": {
        "lastModified": 1652559629,
        "narHash": "sha256-A75OMzmEn0VmDAvmQCp6/7uptxzwWJTwsih3kWlYioA=",
        "owner": "openstenoproject",
        "repo": "plover_stroke",
        "rev": "e717a1983b58dcba644153a542dbf8514425a39b",
        "type": "github"
      },
      "original": {
        "owner": "openstenoproject",
        "repo": "plover_stroke",
        "type": "github"
      }
    },
    "plover2cat": {
      "flake": false,
      "locked": {
        "lastModified": 1757574932,
        "narHash": "sha256-kIDuIezGN+n3RDWMOlR6eFlQlQDp6okKgQCk71AgUDs=",
        "owner": "greenwyrt",
        "repo": "plover2CAT",
        "rev": "477163958b1a9e6fc48337be137173570fa7350a",
        "type": "github"
      },
      "original": {
        "owner": "greenwyrt",
        "repo": "plover2CAT",
        "type": "github"
      }
    },
    "plover_2": {
      "flake": false,
      "locked": {
        "lastModified": 1759777126,
        "narHash": "sha256-mYVF4T855B9/FLD4rBGqLPleqqw//Au33XrCN+5z+W0=",
        "owner": "openstenoproject",
        "repo": "plover",
        "rev": "502c0a43aeffe5594b56d5843aebb821002f85bf",
        "type": "github"
      },
      "original": {
        "owner": "openstenoproject",
        "repo": "plover",
        "type": "github"
      }
    },
    "plover_plugins_registry": {
      "flake": false,
      "locked": {
        "lastModified": 1756352162,
        "narHash": "sha256-m8znoAJPbir4FvSqJ7Kl3pARd+7lJxJ2jPw0ZXKtb6M=",
        "owner": "openstenoproject",
        "repo": "plover_plugins_registry",
        "rev": "cdcc136e9d840d71a14c1ada8ea5a4959f7ddb26",
        "type": "github"
      },
      "original": {
        "owner": "openstenoproject",
        "repo": "plover_plugins_registry",
        "type": "github"
      }
    },
    "pyobjc": {
      "flake": false,
      "locked": {
        "lastModified": 1736669867,
        "narHash": "sha256-Kj1CH1+RYTFszao9G7P3fnsgBjTcvsq4ZpxdjHzQ520=",
        "owner": "ronaldoussoren",
        "repo": "pyobjc",
        "rev": "e29d3a0c80b5bb852e4311ce10827efab9844c6c",
        "type": "github"
      },
      "original": {
        "owner": "ronaldoussoren",
        "ref": "v11.0",
        "repo": "pyobjc",
        "type": "github"
      }
    },
    "root": {
      "inputs": {
        "home-manager": "home-manager",
        "nixpkgs": "nixpkgs",
        "nixpkgs-unstable": "nixpkgs-unstable",
        "nurpkgs": "nurpkgs",
        "plover": "plover"
      }
    },
    "rtf-tokenize": {
      "flake": false,
      "locked": {
        "lastModified": 1751102035,
        "narHash": "sha256-bM/DFl1mpHgeBItdyA5Tt+Eo9u82Gz+6qwft2h0bM94=",
        "owner": "openstenoproject",
        "repo": "rtf_tokenize",
        "rev": "5c4ad772f4b45ceb35b60584e22a171e90526916",
        "type": "github"
      },
      "original": {
        "owner": "openstenoproject",
        "repo": "rtf_tokenize",
        "type": "github"
      }
    }
  },
  "root": "root",
  "version": 7
}
