{
  "nodes": {
    "flake-schemas": {
      "locked": {
        "lastModified": 1770913512,
        "narHash": "sha256-jRC1qRoRCrMjDalVfUMHFlKSkkA2q0RZWTDW0LsquoA=",
        "rev": "3c464b0e09cb44c6e073c41dd1d834980c3e0b24",
        "revCount": 111,
        "type": "tarball",
        "url": "https://api.flakehub.com/f/pinned/DeterminateSystems/flake-schemas/0.2.1/019c8ce4-cd63-7c3c-a4cf-d1e0788fdcd9/source.tar.gz"
      },
      "original": {
        "type": "tarball",
        "url": "https://flakehub.com/f/DeterminateSystems/flake-schemas/%2A"
      }
    },
    "nixpkgs": {
      "locked": {
        "lastModified": 1771903837,
        "narHash": "sha256-sdaqdnsQCv3iifzxwB22tUwN/fSHoN7j2myFW5EIkGk=",
        "rev": "e764fc9a405871f1f6ca3d1394fb422e0a0c3951",
        "revCount": 908322,
        "type": "tarball",
        "url": "https://api.flakehub.com/f/pinned/NixOS/nixpkgs/0.2511.908322%2Brev-e764fc9a405871f1f6ca3d1394fb422e0a0c3951/019c90c7-b2fa-759d-838f-611ca6eed88b/source.tar.gz"
      },
      "original": {
        "type": "tarball",
        "url": "https://flakehub.com/f/NixOS/nixpkgs/%2A"
      }
    },
    "root": {
      "inputs": {
        "flake-schemas": "flake-schemas",
        "nixpkgs": "nixpkgs"
      }
    }
  },
  "root": "root",
  "version": 7
}
